{
  "markbot": "68151a788d9ee167b20592b06189f3eca664bf0bb8e11fe0d1033db1c4ab9e8d",
  "markbotignore": "030a4e6e1b3b6b510514a7ae54576e2c2ef762d56236c6414ef634955d96a126",
  "index-320.png": "cde87debceb29fa415c305dc478d3966dd6aab4a094061bd0b26914d402bacff",
  "index-400.png": "e7719e8077a57f717bfd63c11efd0046051f2f722b022a0b2ce2aad9d813190e",
  "index-608.png": "f8a2257438517198de06edb8107d359ea4d9be1512a14a634d9104dce9b96e4d",
  "index-960.png": "a5ff14778aa53555953174068d1fa5e6f8f4add2e9b7f7628c1cd2fd87feb030",
  "index-1440.png": "5ce190c64353faeb05f524590ffaa24986629f2dfac717b1fd46ac33454a249b"
}